
Microsoft Visual Studio Solution File, Format Version 12.00
# Visual Studio Version 17
VisualStudioVersion = 17.0.32126.317
MinimumVisualStudioVersion = 10.0.40219.1
Project("{9A19103F-16F7-4668-BE54-9A1E7A4F7556}") = "HS_Save_Editor", "HS_Save_Editor\HS_Save_Editor.csproj", "{60052C1B-24D8-4BDB-9E69-7446C509AF1C}"
EndProject
Project("{2150E333-8FDC-42A3-9474-1A3956D46DE8}") = "Solution Items", "Solution Items", "{EB26F910-875D-4CBA-BA59-3BB00FCAEAD1}"
	ProjectSection(SolutionItems) = preProject
		.editorconfig = .editorconfig
	EndProjectSection
EndProject
Global
	GlobalSection(SolutionConfigurationPlatforms) = preSolution
		Debug|Any CPU = Debug|Any CPU
		Release|Any CPU = Release|Any CPU
	EndGlobalSection
	GlobalSection(ProjectConfigurationPlatforms) = postSolution
		{60052C1B-24D8-4BDB-9E69-7446C509AF1C}.Debug|Any CPU.ActiveCfg = Debug|Any CPU
		{60052C1B-24D8-4BDB-9E69-7446C509AF1C}.Debug|Any CPU.Build.0 = Debug|Any CPU
		{60052C1B-24D8-4BDB-9E69-7446C509AF1C}.Release|Any CPU.ActiveCfg = Release|Any CPU
		{60052C1B-24D8-4BDB-9E69-7446C509AF1C}.Release|Any CPU.Build.0 = Release|Any CPU
	EndGlobalSection
	GlobalSection(SolutionProperties) = preSolution
		HideSolutionNode = FALSE
	EndGlobalSection
	GlobalSection(ExtensibilityGlobals) = postSolution
		SolutionGuid = {163075BC-6D24-43E9-8F5B-DFA58B294118}
	EndGlobalSection
EndGlobal
